// !$*UTF8*$!
{
	archiveVersion = 1;
	classes = {
	};
	objectVersion = 50;
	objects = {

/* Begin PBXBuildFile section */
		5E4508C72315052E00FFE1E0 /* AppDelegate.swift in Sources */ = {isa = PBXBuildFile; fileRef = 5E4508C62315052E00FFE1E0 /* AppDelegate.swift */; };
		5E4508C92315052E00FFE1E0 /* ViewController.swift in Sources */ = {isa = PBXBuildFile; fileRef = 5E4508C82315052E00FFE1E0 /* ViewController.swift */; };
		5E4508CC2315052E00FFE1E0 /* Main.storyboard in Resources */ = {isa = PBXBuildFile; fileRef = 5E4508CA2315052E00FFE1E0 /* Main.storyboard */; };
		5E4508CE2315053000FFE1E0 /* Assets.xcassets in Resources */ = {isa = PBXBuildFile; fileRef = 5E4508CD2315053000FFE1E0 /* Assets.xcassets */; };
		5E4508D12315053000FFE1E0 /* LaunchScreen.storyboard in Resources */ = {isa = PBXBuildFile; fileRef = 5E4508CF2315053000FFE1E0 /* LaunchScreen.storyboard */; };
		5E4508DC2315053000FFE1E0 /* XLCardSwitchExampleTests.swift in Sources */ = {isa = PBXBuildFile; fileRef = 5E4508DB2315053000FFE1E0 /* XLCardSwitchExampleTests.swift */; };
		5E4508E72315053000FFE1E0 /* XLCardSwitchExampleUITests.swift in Sources */ = {isa = PBXBuildFile; fileRef = 5E4508E62315053000FFE1E0 /* XLCardSwitchExampleUITests.swift */; };
		5E4508F6231509E400FFE1E0 /* XLCardSwitch.swift in Sources */ = {isa = PBXBuildFile; fileRef = 5E4508F5231509E400FFE1E0 /* XLCardSwitch.swift */; };
		5E4509572316B36B00FFE1E0 /* CustomCollectionViewCell.swift in Sources */ = {isa = PBXBuildFile; fileRef = 5E4509562316B36B00FFE1E0 /* CustomCollectionViewCell.swift */; };
/* End PBXBuildFile section */

/* Begin PBXContainerItemProxy section */
		5E4508D82315053000FFE1E0 /* PBXContainerItemProxy */ = {
			isa = PBXContainerItemProxy;
			containerPortal = 5E4508BB2315052E00FFE1E0 /* Project object */;
			proxyType = 1;
			remoteGlobalIDString = 5E4508C22315052E00FFE1E0;
			remoteInfo = XLCardSwitchExample;
		};
		5E4508E32315053000FFE1E0 /* PBXContainerItemProxy */ = {
			isa = PBXContainerItemProxy;
			containerPortal = 5E4508BB2315052E00FFE1E0 /* Project object */;
			proxyType = 1;
			remoteGlobalIDString = 5E4508C22315052E00FFE1E0;
			remoteInfo = XLCardSwitchExample;
		};
/* End PBXContainerItemProxy section */

/* Begin PBXFileReference section */
		5E4508C32315052E00FFE1E0 /* XLCardSwitchExample.app */ = {isa = PBXFileReference; explicitFileType = wrapper.application; includeInIndex = 0; path = XLCardSwitchExample.app; sourceTree = BUILT_PRODUCTS_DIR; };
		5E4508C62315052E00FFE1E0 /* AppDelegate.swift */ = {isa = PBXFileReference; lastKnownFileType = sourcecode.swift; path = AppDelegate.swift; sourceTree = "<group>"; };
		5E4508C82315052E00FFE1E0 /* ViewController.swift */ = {isa = PBXFileReference; lastKnownFileType = sourcecode.swift; path = ViewController.swift; sourceTree = "<group>"; };
		5E4508CB2315052E00FFE1E0 /* Base */ = {isa = PBXFileReference; lastKnownFileType = file.storyboard; name = Base; path = Base.lproj/Main.storyboard; sourceTree = "<group>"; };
		5E4508CD2315053000FFE1E0 /* Assets.xcassets */ = {isa = PBXFileReference; lastKnownFileType = folder.assetcatalog; path = Assets.xcassets; sourceTree = "<group>"; };
		5E4508D02315053000FFE1E0 /* Base */ = {isa = PBXFileReference; lastKnownFileType = file.storyboard; name = Base; path = Base.lproj/LaunchScreen.storyboard; sourceTree = "<group>"; };
		5E4508D22315053000FFE1E0 /* Info.plist */ = {isa = PBXFileReference; lastKnownFileType = text.plist.xml; path = Info.plist; sourceTree = "<group>"; };
		5E4508D72315053000FFE1E0 /* XLCardSwitchExampleTests.xctest */ = {isa = PBXFileReference; explicitFileType = wrapper.cfbundle; includeInIndex = 0; path = XLCardSwitchExampleTests.xctest; sourceTree = BUILT_PRODUCTS_DIR; };
		5E4508DB2315053000FFE1E0 /* XLCardSwitchExampleTests.swift */ = {isa = PBXFileReference; lastKnownFileType = sourcecode.swift; path = XLCardSwitchExampleTests.swift; sourceTree = "<group>"; };
		5E4508DD2315053000FFE1E0 /* Info.plist */ = {isa = PBXFileReference; lastKnownFileType = text.plist.xml; path = Info.plist; sourceTree = "<group>"; };
		5E4508E22315053000FFE1E0 /* XLCardSwitchExampleUITests.xctest */ = {isa = PBXFileReference; explicitFileType = wrapper.cfbundle; includeInIndex = 0; path = XLCardSwitchExampleUITests.xctest; sourceTree = BUILT_PRODUCTS_DIR; };
		5E4508E62315053000FFE1E0 /* XLCardSwitchExampleUITests.swift */ = {isa = PBXFileReference; lastKnownFileType = sourcecode.swift; path = XLCardSwitchExampleUITests.swift; sourceTree = "<group>"; };
		5E4508E82315053000FFE1E0 /* Info.plist */ = {isa = PBXFileReference; lastKnownFileType = text.plist.xml; path = Info.plist; sourceTree = "<group>"; };
		5E4508F5231509E400FFE1E0 /* XLCardSwitch.swift */ = {isa = PBXFileReference; lastKnownFileType = sourcecode.swift; path = XLCardSwitch.swift; sourceTree = "<group>"; };
		5E4509562316B36B00FFE1E0 /* CustomCollectionViewCell.swift */ = {isa = PBXFileReference; lastKnownFileType = sourcecode.swift; path = CustomCollectionViewCell.swift; sourceTree = "<group>"; };
/* End PBXFileReference section */

/* Begin PBXFrameworksBuildPhase section */
		5E4508C02315052E00FFE1E0 /* Frameworks */ = {
			isa = PBXFrameworksBuildPhase;
			buildActionMask = 2147483647;
			files = (
			);
			runOnlyForDeploymentPostprocessing = 0;
		};
		5E4508D42315053000FFE1E0 /* Frameworks */ = {
			isa = PBXFrameworksBuildPhase;
			buildActionMask = 2147483647;
			files = (
			);
			runOnlyForDeploymentPostprocessing = 0;
		};
		5E4508DF2315053000FFE1E0 /* Frameworks */ = {
			isa = PBXFrameworksBuildPhase;
			buildActionMask = 2147483647;
			files = (
			);
			runOnlyForDeploymentPostprocessing = 0;
		};
/* End PBXFrameworksBuildPhase section */

/* Begin PBXGroup section */
		5E4508BA2315052E00FFE1E0 = {
			isa = PBXGroup;
			children = (
				5E4508F4231509D100FFE1E0 /* XLCardSwitch */,
				5E4508C52315052E00FFE1E0 /* XLCardSwitchExample */,
				5E4508DA2315053000FFE1E0 /* XLCardSwitchExampleTests */,
				5E4508E52315053000FFE1E0 /* XLCardSwitchExampleUITests */,
				5E4508C42315052E00FFE1E0 /* Products */,
			);
			sourceTree = "<group>";
		};
		5E4508C42315052E00FFE1E0 /* Products */ = {
			isa = PBXGroup;
			children = (
				5E4508C32315052E00FFE1E0 /* XLCardSwitchExample.app */,
				5E4508D72315053000FFE1E0 /* XLCardSwitchExampleTests.xctest */,
				5E4508E22315053000FFE1E0 /* XLCardSwitchExampleUITests.xctest */,
			);
			name = Products;
			sourceTree = "<group>";
		};
		5E4508C52315052E00FFE1E0 /* XLCardSwitchExample */ = {
			isa = PBXGroup;
			children = (
				5E4508C62315052E00FFE1E0 /* AppDelegate.swift */,
				5E4508C82315052E00FFE1E0 /* ViewController.swift */,
				5E4509562316B36B00FFE1E0 /* CustomCollectionViewCell.swift */,
				5E4508CA2315052E00FFE1E0 /* Main.storyboard */,
				5E4508CD2315053000FFE1E0 /* Assets.xcassets */,
				5E4508CF2315053000FFE1E0 /* LaunchScreen.storyboard */,
				5E4508D22315053000FFE1E0 /* Info.plist */,
			);
			path = XLCardSwitchExample;
			sourceTree = "<group>";
		};
		5E4508DA2315053000FFE1E0 /* XLCardSwitchExampleTests */ = {
			isa = PBXGroup;
			children = (
				5E4508DB2315053000FFE1E0 /* XLCardSwitchExampleTests.swift */,
				5E4508DD2315053000FFE1E0 /* Info.plist */,
			);
			path = XLCardSwitchExampleTests;
			sourceTree = "<group>";
		};
		5E4508E52315053000FFE1E0 /* XLCardSwitchExampleUITests */ = {
			isa = PBXGroup;
			children = (
				5E4508E62315053000FFE1E0 /* XLCardSwitchExampleUITests.swift */,
				5E4508E82315053000FFE1E0 /* Info.plist */,
			);
			path = XLCardSwitchExampleUITests;
			sourceTree = "<group>";
		};
		5E4508F4231509D100FFE1E0 /* XLCardSwitch */ = {
			isa = PBXGroup;
			children = (
				5E4508F5231509E400FFE1E0 /* XLCardSwitch.swift */,
			);
			path = XLCardSwitch;
			sourceTree = "<group>";
		};
/* End PBXGroup section */

/* Begin PBXNativeTarget section */
		5E4508C22315052E00FFE1E0 /* XLCardSwitchExample */ = {
			isa = PBXNativeTarget;
			buildConfigurationList = 5E4508EB2315053000FFE1E0 /* Build configuration list for PBXNativeTarget "XLCardSwitchExample" */;
			buildPhases = (
				5E4508BF2315052E00FFE1E0 /* Sources */,
				5E4508C02315052E00FFE1E0 /* Frameworks */,
				5E4508C12315052E00FFE1E0 /* Resources */,
			);
			buildRules = (
			);
			dependencies = (
			);
			name = XLCardSwitchExample;
			productName = XLCardSwitchExample;
			productReference = 5E4508C32315052E00FFE1E0 /* XLCardSwitchExample.app */;
			productType = "com.apple.product-type.application";
		};
		5E4508D62315053000FFE1E0 /* XLCardSwitchExampleTests */ = {
			isa = PBXNativeTarget;
			buildConfigurationList = 5E4508EE2315053000FFE1E0 /* Build configuration list for PBXNativeTarget "XLCardSwitchExampleTests" */;
			buildPhases = (
				5E4508D32315053000FFE1E0 /* Sources */,
				5E4508D42315053000FFE1E0 /* Frameworks */,
				5E4508D52315053000FFE1E0 /* Resources */,
			);
			buildRules = (
			);
			dependencies = (
				5E4508D92315053000FFE1E0 /* PBXTargetDependency */,
			);
			name = XLCardSwitchExampleTests;
			productName = XLCardSwitchExampleTests;
			productReference = 5E4508D72315053000FFE1E0 /* XLCardSwitchExampleTests.xctest */;
			productType = "com.apple.product-type.bundle.unit-test";
		};
		5E4508E12315053000FFE1E0 /* XLCardSwitchExampleUITests */ = {
			isa = PBXNativeTarget;
			buildConfigurationList = 5E4508F12315053000FFE1E0 /* Build configuration list for PBXNativeTarget "XLCardSwitchExampleUITests" */;
			buildPhases = (
				5E4508DE2315053000FFE1E0 /* Sources */,
				5E4508DF2315053000FFE1E0 /* Frameworks */,
				5E4508E02315053000FFE1E0 /* Resources */,
			);
			buildRules = (
			);
			dependencies = (
				5E4508E42315053000FFE1E0 /* PBXTargetDependency */,
			);
			name = XLCardSwitchExampleUITests;
			productName = XLCardSwitchExampleUITests;
			productReference = 5E4508E22315053000FFE1E0 /* XLCardSwitchExampleUITests.xctest */;
			productType = "com.apple.product-type.bundle.ui-testing";
		};
/* End PBXNativeTarget section */

/* Begin PBXProject section */
		5E4508BB2315052E00FFE1E0 /* Project object */ = {
			isa = PBXProject;
			attributes = {
				LastSwiftUpdateCheck = 1020;
				LastUpgradeCheck = 1020;
				ORGANIZATIONNAME = mxl;
				TargetAttributes = {
					5E4508C22315052E00FFE1E0 = {
						CreatedOnToolsVersion = 10.2;
					};
					5E4508D62315053000FFE1E0 = {
						CreatedOnToolsVersion = 10.2;
						TestTargetID = 5E4508C22315052E00FFE1E0;
					};
					5E4508E12315053000FFE1E0 = {
						CreatedOnToolsVersion = 10.2;
						TestTargetID = 5E4508C22315052E00FFE1E0;
					};
				};
			};
			buildConfigurationList = 5E4508BE2315052E00FFE1E0 /* Build configuration list for PBXProject "XLCardSwitchExample" */;
			compatibilityVersion = "Xcode 9.3";
			developmentRegion = en;
			hasScannedForEncodings = 0;
			knownRegions = (
				en,
				Base,
			);
			mainGroup = 5E4508BA2315052E00FFE1E0;
			productRefGroup = 5E4508C42315052E00FFE1E0 /* Products */;
			projectDirPath = "";
			projectRoot = "";
			targets = (
				5E4508C22315052E00FFE1E0 /* XLCardSwitchExample */,
				5E4508D62315053000FFE1E0 /* XLCardSwitchExampleTests */,
				5E4508E12315053000FFE1E0 /* XLCardSwitchExampleUITests */,
			);
		};
/* End PBXProject section */

/* Begin PBXResourcesBuildPhase section */
		5E4508C12315052E00FFE1E0 /* Resources */ = {
			isa = PBXResourcesBuildPhase;
			buildActionMask = 2147483647;
			files = (
				5E4508D12315053000FFE1E0 /* LaunchScreen.storyboard in Resources */,
				5E4508CE2315053000FFE1E0 /* Assets.xcassets in Resources */,
				5E4508CC2315052E00FFE1E0 /* Main.storyboard in Resources */,
			);
			runOnlyForDeploymentPostprocessing = 0;
		};
		5E4508D52315053000FFE1E0 /* Resources */ = {
			isa = PBXResourcesBuildPhase;
			buildActionMask = 2147483647;
			files = (
			);
			runOnlyForDeploymentPostprocessing = 0;
		};
		5E4508E02315053000FFE1E0 /* Resources */ = {
			isa = PBXResourcesBuildPhase;
			buildActionMask = 2147483647;
			files = (
			);
			runOnlyForDeploymentPostprocessing = 0;
		};
/* End PBXResourcesBuildPhase section */

/* Begin PBXSourcesBuildPhase section */
		5E4508BF2315052E00FFE1E0 /* Sources */ = {
			isa = PBXSourcesBuildPhase;
			buildActionMask = 2147483647;
			files = (
				5E4508F6231509E400FFE1E0 /* XLCardSwitch.swift in Sources */,
				5E4508C92315052E00FFE1E0 /* ViewController.swift in Sources */,
				5E4508C72315052E00FFE1E0 /* AppDelegate.swift in Sources */,
				5E4509572316B36B00FFE1E0 /* CustomCollectionViewCell.swift in Sources */,
			);
			runOnlyForDeploymentPostprocessing = 0;
		};
		5E4508D32315053000FFE1E0 /* Sources */ = {
			isa = PBXSourcesBuildPhase;
			buildActionMask = 2147483647;
			files = (
				5E4508DC2315053000FFE1E0 /* XLCardSwitchExampleTests.swift in Sources */,
			);
			runOnlyForDeploymentPostprocessing = 0;
		};
		5E4508DE2315053000FFE1E0 /* Sources */ = {
			isa = PBXSourcesBuildPhase;
			buildActionMask = 2147483647;
			files = (
				5E4508E72315053000FFE1E0 /* XLCardSwitchExampleUITests.swift in Sources */,
			);
			runOnlyForDeploymentPostprocessing = 0;
		};
/* End PBXSourcesBuildPhase section */

/* Begin PBXTargetDependency section */
		5E4508D92315053000FFE1E0 /* PBXTargetDependency */ = {
			isa = PBXTargetDependency;
			target = 5E4508C22315052E00FFE1E0 /* XLCardSwitchExample */;
			targetProxy = 5E4508D82315053000FFE1E0 /* PBXContainerItemProxy */;
		};
		5E4508E42315053000FFE1E0 /* PBXTargetDependency */ = {
			isa = PBXTargetDependency;
			target = 5E4508C22315052E00FFE1E0 /* XLCardSwitchExample */;
			targetProxy = 5E4508E32315053000FFE1E0 /* PBXContainerItemProxy */;
		};
/* End PBXTargetDependency section */

/* Begin PBXVariantGroup section */
		5E4508CA2315052E00FFE1E0 /* Main.storyboard */ = {
			isa = PBXVariantGroup;
			children = (
				5E4508CB2315052E00FFE1E0 /* Base */,
			);
			name = Main.storyboard;
			sourceTree = "<group>";
		};
		5E4508CF2315053000FFE1E0 /* LaunchScreen.storyboard */ = {
			isa = PBXVariantGroup;
			children = (
				5E4508D02315053000FFE1E0 /* Base */,
			);
			name = LaunchScreen.storyboard;
			sourceTree = "<group>";
		};
/* End PBXVariantGroup section */

/* Begin XCBuildConfiguration section */
		5E4508E92315053000FFE1E0 /* Debug */ = {
			isa = XCBuildConfiguration;
			buildSettings = {
				ALWAYS_SEARCH_USER_PATHS = NO;
				CLANG_ANALYZER_NONNULL = YES;
				CLANG_ANALYZER_NUMBER_OBJECT_CONVERSION = YES_AGGRESSIVE;
				CLANG_CXX_LANGUAGE_STANDARD = "gnu++14";
				CLANG_CXX_LIBRARY = "libc++";
				CLANG_ENABLE_MODULES = YES;
				CLANG_ENABLE_OBJC_ARC = YES;
				CLANG_ENABLE_OBJC_WEAK = YES;
				CLANG_WARN_BLOCK_CAPTURE_AUTORELEASING = YES;
				CLANG_WARN_BOOL_CONVERSION = YES;
				CLANG_WARN_COMMA = YES;
				CLANG_WARN_CONSTANT_CONVERSION = YES;
				CLANG_WARN_DEPRECATED_OBJC_IMPLEMENTATIONS = YES;
				CLANG_WARN_DIRECT_OBJC_ISA_USAGE = YES_ERROR;
				CLANG_WARN_DOCUMENTATION_COMMENTS = YES;
				CLANG_WARN_EMPTY_BODY = YES;
				CLANG_WARN_ENUM_CONVERSION = YES;
				CLANG_WARN_INFINITE_RECURSION = YES;
				CLANG_WARN_INT_CONVERSION = YES;
				CLANG_WARN_NON_LITERAL_NULL_CONVERSION = YES;
				CLANG_WARN_OBJC_IMPLICIT_RETAIN_SELF = YES;
				CLANG_WARN_OBJC_LITERAL_CONVERSION = YES;
				CLANG_WARN_OBJC_ROOT_CLASS = YES_ERROR;
				CLANG_WARN_RANGE_LOOP_ANALYSIS = YES;
				CLANG_WARN_STRICT_PROTOTYPES = YES;
				CLANG_WARN_SUSPICIOUS_MOVE = YES;
				CLANG_WARN_UNGUARDED_AVAILABILITY = YES_AGGRESSIVE;
				CLANG_WARN_UNREACHABLE_CODE = YES;
				CLANG_WARN__DUPLICATE_METHOD_MATCH = YES;
				CODE_SIGN_IDENTITY = "iPhone Developer";
				COPY_PHASE_STRIP = NO;
				DEBUG_INFORMATION_FORMAT = dwarf;
				ENABLE_STRICT_OBJC_MSGSEND = YES;
				ENABLE_TESTABILITY = YES;
				GCC_C_LANGUAGE_STANDARD = gnu11;
				GCC_DYNAMIC_NO_PIC = NO;
				GCC_NO_COMMON_BLOCKS = YES;
				GCC_OPTIMIZATION_LEVEL = 0;
				GCC_PREPROCESSOR_DEFINITIONS = (
					"DEBUG=1",
					"$(inherited)",
				);
				GCC_WARN_64_TO_32_BIT_CONVERSION = YES;
				GCC_WARN_ABOUT_RETURN_TYPE = YES_ERROR;
				GCC_WARN_UNDECLARED_SELECTOR = YES;
				GCC_WARN_UNINITIALIZED_AUTOS = YES_AGGRESSIVE;
				GCC_WARN_UNUSED_FUNCTION = YES;
				GCC_WARN_UNUSED_VARIABLE = YES;
				IPHONEOS_DEPLOYMENT_TARGET = 12.2;
				MTL_ENABLE_DEBUG_INFO = INCLUDE_SOURCE;
				MTL_FAST_MATH = YES;
				ONLY_ACTIVE_ARCH = YES;
				SDKROOT = iphoneos;
				SWIFT_ACTIVE_COMPILATION_CONDITIONS = DEBUG;
				SWIFT_OPTIMIZATION_LEVEL = "-Onone";
			};
			name = Debug;
		};
		5E4508EA2315053000FFE1E0 /* Release */ = {
			isa = XCBuildConfiguration;
			buildSettings = {
				ALWAYS_SEARCH_USER_PATHS = NO;
				CLANG_ANALYZER_NONNULL = YES;
				CLANG_ANALYZER_NUMBER_OBJECT_CONVERSION = YES_AGGRESSIVE;
				CLANG_CXX_LANGUAGE_STANDARD = "gnu++14";
				CLANG_CXX_LIBRARY = "libc++";
				CLANG_ENABLE_MODULES = YES;
				CLANG_ENABLE_OBJC_ARC = YES;
				CLANG_ENABLE_OBJC_WEAK = YES;
				CLANG_WARN_BLOCK_CAPTURE_AUTORELEASING = YES;
				CLANG_WARN_BOOL_CONVERSION = YES;
				CLANG_WARN_COMMA = YES;
				CLANG_WARN_CONSTANT_CONVERSION = YES;
				CLANG_WARN_DEPRECATED_OBJC_IMPLEMENTATIONS = YES;
				CLANG_WARN_DIRECT_OBJC_ISA_USAGE = YES_ERROR;
				CLANG_WARN_DOCUMENTATION_COMMENTS = YES;
				CLANG_WARN_EMPTY_BODY = YES;
				CLANG_WARN_ENUM_CONVERSION = YES;
				CLANG_WARN_INFINITE_RECURSION = YES;
				CLANG_WARN_INT_CONVERSION = YES;
				CLANG_WARN_NON_LITERAL_NULL_CONVERSION = YES;
				CLANG_WARN_OBJC_IMPLICIT_RETAIN_SELF = YES;
				CLANG_WARN_OBJC_LITERAL_CONVERSION = YES;
				CLANG_WARN_OBJC_ROOT_CLASS = YES_ERROR;
				CLANG_WARN_RANGE_LOOP_ANALYSIS = YES;
				CLANG_WARN_STRICT_PROTOTYPES = YES;
				CLANG_WARN_SUSPICIOUS_MOVE = YES;
				CLANG_WARN_UNGUARDED_AVAILABILITY = YES_AGGRESSIVE;
				CLANG_WARN_UNREACHABLE_CODE = YES;
				CLANG_WARN__DUPLICATE_METHOD_MATCH = YES;
				CODE_SIGN_IDENTITY = "iPhone Developer";
				COPY_PHASE_STRIP = NO;
				DEBUG_INFORMATION_FORMAT = "dwarf-with-dsym";
				ENABLE_NS_ASSERTIONS = NO;
				ENABLE_STRICT_OBJC_MSGSEND = YES;
				GCC_C_LANGUAGE_STANDARD = gnu11;
				GCC_NO_COMMON_BLOCKS = YES;
				GCC_WARN_64_TO_32_BIT_CONVERSION = YES;
				GCC_WARN_ABOUT_RETURN_TYPE = YES_ERROR;
				GCC_WARN_UNDECLARED_SELECTOR = YES;
				GCC_WARN_UNINITIALIZED_AUTOS = YES_AGGRESSIVE;
				GCC_WARN_UNUSED_FUNCTION = YES;
				GCC_WARN_UNUSED_VARIABLE = YES;
				IPHONEOS_DEPLOYMENT_TARGET = 12.2;
				MTL_ENABLE_DEBUG_INFO = NO;
				MTL_FAST_MATH = YES;
				SDKROOT = iphoneos;
				SWIFT_COMPILATION_MODE = wholemodule;
				SWIFT_OPTIMIZATION_LEVEL = "-O";
				VALIDATE_PRODUCT = YES;
			};
			name = Release;
		};
		5E4508EC2315053000FFE1E0 /* Debug */ = {
			isa = XCBuildConfiguration;
			buildSettings = {
				ASSETCATALOG_COMPILER_APPICON_NAME = AppIcon;
				CODE_SIGN_STYLE = Automatic;
				DEVELOPMENT_TEAM = X496RVQDTB;
				INFOPLIST_FILE = XLCardSwitchExample/Info.plist;
				LD_RUNPATH_SEARCH_PATHS = (
					"$(inherited)",
					"@executable_path/Frameworks",
				);
				PRODUCT_BUNDLE_IDENTIFIER = mxl.XLCardSwitchExample;
				PRODUCT_NAME = "$(TARGET_NAME)";
				SWIFT_VERSION = 5.0;
				TARGETED_DEVICE_FAMILY = "1,2";
			};
			name = Debug;
		};
		5E4508ED2315053000FFE1E0 /* Release */ = {
			isa = XCBuildConfiguration;
			buildSettings = {
				ASSETCATALOG_COMPILER_APPICON_NAME = AppIcon;
				CODE_SIGN_STYLE = Automatic;
				DEVELOPMENT_TEAM = X496RVQDTB;
				INFOPLIST_FILE = XLCardSwitchExample/Info.plist;
				LD_RUNPATH_SEARCH_PATHS = (
					"$(inherited)",
					"@executable_path/Frameworks",
				);
				PRODUCT_BUNDLE_IDENTIFIER = mxl.XLCardSwitchExample;
				PRODUCT_NAME = "$(TARGET_NAME)";
				SWIFT_VERSION = 5.0;
				TARGETED_DEVICE_FAMILY = "1,2";
			};
			name = Release;
		};
		5E4508EF2315053000FFE1E0 /* Debug */ = {
			isa = XCBuildConfiguration;
			buildSettings = {
				ALWAYS_EMBED_SWIFT_STANDARD_LIBRARIES = YES;
				BUNDLE_LOADER = "$(TEST_HOST)";
				CODE_SIGN_STYLE = Automatic;
				DEVELOPMENT_TEAM = X496RVQDTB;
				INFOPLIST_FILE = XLCardSwitchExampleTests/Info.plist;
				LD_RUNPATH_SEARCH_PATHS = (
					"$(inherited)",
					"@executable_path/Frameworks",
					"@loader_path/Frameworks",
				);
				PRODUCT_BUNDLE_IDENTIFIER = mxl.XLCardSwitchExampleTests;
				PRODUCT_NAME = "$(TARGET_NAME)";
				SWIFT_VERSION = 5.0;
				TARGETED_DEVICE_FAMILY = "1,2";
				TEST_HOST = "$(BUILT_PRODUCTS_DIR)/XLCardSwitchExample.app/XLCardSwitchExample";
			};
			name = Debug;
		};
		5E4508F02315053000FFE1E0 /* Release */ = {
			isa = XCBuildConfiguration;
			buildSettings = {
				ALWAYS_EMBED_SWIFT_STANDARD_LIBRARIES = YES;
				BUNDLE_LOADER = "$(TEST_HOST)";
				CODE_SIGN_STYLE = Automatic;
				DEVELOPMENT_TEAM = X496RVQDTB;
				INFOPLIST_FILE = XLCardSwitchExampleTests/Info.plist;
				LD_RUNPATH_SEARCH_PATHS = (
					"$(inherited)",
					"@executable_path/Frameworks",
					"@loader_path/Frameworks",
				);
				PRODUCT_BUNDLE_IDENTIFIER = mxl.XLCardSwitchExampleTests;
				PRODUCT_NAME = "$(TARGET_NAME)";
				SWIFT_VERSION = 5.0;
				TARGETED_DEVICE_FAMILY = "1,2";
				TEST_HOST = "$(BUILT_PRODUCTS_DIR)/XLCardSwitchExample.app/XLCardSwitchExample";
			};
			name = Release;
		};
		5E4508F22315053000FFE1E0 /* Debug */ = {
			isa = XCBuildConfiguration;
			buildSettings = {
				ALWAYS_EMBED_SWIFT_STANDARD_LIBRARIES = YES;
				CODE_SIGN_STYLE = Automatic;
				DEVELOPMENT_TEAM = X496RVQDTB;
				INFOPLIST_FILE = XLCardSwitchExampleUITests/Info.plist;
				LD_RUNPATH_SEARCH_PATHS = (
					"$(inherited)",
					"@executable_path/Frameworks",
					"@loader_path/Frameworks",
				);
				PRODUCT_BUNDLE_IDENTIFIER = mxl.XLCardSwitchExampleUITests;
				PRODUCT_NAME = "$(TARGET_NAME)";
				SWIFT_VERSION = 5.0;
				TARGETED_DEVICE_FAMILY = "1,2";
				TEST_TARGET_NAME = XLCardSwitchExample;
			};
			name = Debug;
		};
		5E4508F32315053000FFE1E0 /* Release */ = {
			isa = XCBuildConfiguration;
			buildSettings = {
				ALWAYS_EMBED_SWIFT_STANDARD_LIBRARIES = YES;
				CODE_SIGN_STYLE = Automatic;
				DEVELOPMENT_TEAM = X496RVQDTB;
				INFOPLIST_FILE = XLCardSwitchExampleUITests/Info.plist;
				LD_RUNPATH_SEARCH_PATHS = (
					"$(inherited)",
					"@executable_path/Frameworks",
					"@loader_path/Frameworks",
				);
				PRODUCT_BUNDLE_IDENTIFIER = mxl.XLCardSwitchExampleUITests;
				PRODUCT_NAME = "$(TARGET_NAME)";
				SWIFT_VERSION = 5.0;
				TARGETED_DEVICE_FAMILY = "1,2";
				TEST_TARGET_NAME = XLCardSwitchExample;
			};
			name = Release;
		};
/* End XCBuildConfiguration section */

/* Begin XCConfigurationList section */
		5E4508BE2315052E00FFE1E0 /* Build configuration list for PBXProject "XLCardSwitchExample" */ = {
			isa = XCConfigurationList;
			buildConfigurations = (
				5E4508E92315053000FFE1E0 /* Debug */,
				5E4508EA2315053000FFE1E0 /* Release */,
			);
			defaultConfigurationIsVisible = 0;
			defaultConfigurationName = Release;
		};
		5E4508EB2315053000FFE1E0 /* Build configuration list for PBXNativeTarget "XLCardSwitchExample" */ = {
			isa = XCConfigurationList;
			buildConfigurations = (
				5E4508EC2315053000FFE1E0 /* Debug */,
				5E4508ED2315053000FFE1E0 /* Release */,
			);
			defaultConfigurationIsVisible = 0;
			defaultConfigurationName = Release;
		};
		5E4508EE2315053000FFE1E0 /* Build configuration list for PBXNativeTarget "XLCardSwitchExampleTests" */ = {
			isa = XCConfigurationList;
			buildConfigurations = (
				5E4508EF2315053000FFE1E0 /* Debug */,
				5E4508F02315053000FFE1E0 /* Release */,
			);
			defaultConfigurationIsVisible = 0;
			defaultConfigurationName = Release;
		};
		5E4508F12315053000FFE1E0 /* Build configuration list for PBXNativeTarget "XLCardSwitchExampleUITests" */ = {
			isa = XCConfigurationList;
			buildConfigurations = (
				5E4508F22315053000FFE1E0 /* Debug */,
				5E4508F32315053000FFE1E0 /* Release */,
			);
			defaultConfigurationIsVisible = 0;
			defaultConfigurationName = Release;
		};
/* End XCConfigurationList section */
	};
	rootObject = 5E4508BB2315052E00FFE1E0 /* Project object */;
}
