// !$*UTF8*$!
{
	archiveVersion = 1;
	classes = {
	};
	objectVersion = 46;
	objects = {

/* Begin PBXBuildFile section */
		18760D0F1E1F4C9800007F02 /* main.m in Sources */ = {isa = PBXBuildFile; fileRef = 18760D0E1E1F4C9800007F02 /* main.m */; };
		18760D121E1F4C9800007F02 /* AppDelegate.m in Sources */ = {isa = PBXBuildFile; fileRef = 18760D111E1F4C9800007F02 /* AppDelegate.m */; };
		18760D1A1E1F4C9800007F02 /* Assets.xcassets in Resources */ = {isa = PBXBuildFile; fileRef = 18760D191E1F4C9800007F02 /* Assets.xcassets */; };
		18760D1D1E1F4C9800007F02 /* LaunchScreen.storyboard in Resources */ = {isa = PBXBuildFile; fileRef = 18760D1B1E1F4C9800007F02 /* LaunchScreen.storyboard */; };
		18760D361E1F4CF700007F02 /* 1.png in Resources */ = {isa = PBXBuildFile; fileRef = 18760D291E1F4CF700007F02 /* 1.png */; };
		18760D371E1F4CF700007F02 /* 10.png in Resources */ = {isa = PBXBuildFile; fileRef = 18760D2A1E1F4CF700007F02 /* 10.png */; };
		18760D381E1F4CF700007F02 /* 11.png in Resources */ = {isa = PBXBuildFile; fileRef = 18760D2B1E1F4CF700007F02 /* 11.png */; };
		18760D391E1F4CF700007F02 /* 12.png in Resources */ = {isa = PBXBuildFile; fileRef = 18760D2C1E1F4CF700007F02 /* 12.png */; };
		18760D3A1E1F4CF700007F02 /* 13.png in Resources */ = {isa = PBXBuildFile; fileRef = 18760D2D1E1F4CF700007F02 /* 13.png */; };
		18760D3B1E1F4CF700007F02 /* 2.png in Resources */ = {isa = PBXBuildFile; fileRef = 18760D2E1E1F4CF700007F02 /* 2.png */; };
		18760D3C1E1F4CF700007F02 /* 3.png in Resources */ = {isa = PBXBuildFile; fileRef = 18760D2F1E1F4CF700007F02 /* 3.png */; };
		18760D3D1E1F4CF700007F02 /* 4.png in Resources */ = {isa = PBXBuildFile; fileRef = 18760D301E1F4CF700007F02 /* 4.png */; };
		18760D3E1E1F4CF700007F02 /* 5.png in Resources */ = {isa = PBXBuildFile; fileRef = 18760D311E1F4CF700007F02 /* 5.png */; };
		18760D3F1E1F4CF700007F02 /* 6.png in Resources */ = {isa = PBXBuildFile; fileRef = 18760D321E1F4CF700007F02 /* 6.png */; };
		18760D401E1F4CF700007F02 /* 7.png in Resources */ = {isa = PBXBuildFile; fileRef = 18760D331E1F4CF700007F02 /* 7.png */; };
		18760D411E1F4CF700007F02 /* 8.png in Resources */ = {isa = PBXBuildFile; fileRef = 18760D341E1F4CF700007F02 /* 8.png */; };
		18760D421E1F4CF700007F02 /* 9.png in Resources */ = {isa = PBXBuildFile; fileRef = 18760D351E1F4CF700007F02 /* 9.png */; };
		18760D471E1F4D1300007F02 /* DataPropertyList.plist in Resources */ = {isa = PBXBuildFile; fileRef = 18760D461E1F4D1300007F02 /* DataPropertyList.plist */; };
		18760D4C1E1F4D2800007F02 /* XLCard.m in Sources */ = {isa = PBXBuildFile; fileRef = 18760D491E1F4D2800007F02 /* XLCard.m */; };
		18AEF9581E32090E00D8FD57 /* XLCardSwitchFlowLayout.m in Sources */ = {isa = PBXBuildFile; fileRef = 18AEF9571E32090E00D8FD57 /* XLCardSwitchFlowLayout.m */; };
		18AEF95B1E32497000D8FD57 /* XLCardSwitch.m in Sources */ = {isa = PBXBuildFile; fileRef = 18AEF95A1E32497000D8FD57 /* XLCardSwitch.m */; };
		18AEF9611E324BC600D8FD57 /* XLCardModel.m in Sources */ = {isa = PBXBuildFile; fileRef = 18AEF9601E324BC600D8FD57 /* XLCardModel.m */; };
		18AEF9641E324BEA00D8FD57 /* DemoViewController.m in Sources */ = {isa = PBXBuildFile; fileRef = 18AEF9631E324BEA00D8FD57 /* DemoViewController.m */; };
/* End PBXBuildFile section */

/* Begin PBXFileReference section */
		18760D0A1E1F4C9800007F02 /* XLCardSwitchDemo.app */ = {isa = PBXFileReference; explicitFileType = wrapper.application; includeInIndex = 0; path = XLCardSwitchDemo.app; sourceTree = BUILT_PRODUCTS_DIR; };
		18760D0E1E1F4C9800007F02 /* main.m */ = {isa = PBXFileReference; lastKnownFileType = sourcecode.c.objc; path = main.m; sourceTree = "<group>"; };
		18760D101E1F4C9800007F02 /* AppDelegate.h */ = {isa = PBXFileReference; lastKnownFileType = sourcecode.c.h; path = AppDelegate.h; sourceTree = "<group>"; };
		18760D111E1F4C9800007F02 /* AppDelegate.m */ = {isa = PBXFileReference; lastKnownFileType = sourcecode.c.objc; path = AppDelegate.m; sourceTree = "<group>"; };
		18760D191E1F4C9800007F02 /* Assets.xcassets */ = {isa = PBXFileReference; lastKnownFileType = folder.assetcatalog; path = Assets.xcassets; sourceTree = "<group>"; };
		18760D1C1E1F4C9800007F02 /* Base */ = {isa = PBXFileReference; lastKnownFileType = file.storyboard; name = Base; path = Base.lproj/LaunchScreen.storyboard; sourceTree = "<group>"; };
		18760D1E1E1F4C9800007F02 /* Info.plist */ = {isa = PBXFileReference; lastKnownFileType = text.plist.xml; path = Info.plist; sourceTree = "<group>"; };
		18760D291E1F4CF700007F02 /* 1.png */ = {isa = PBXFileReference; lastKnownFileType = image.png; path = 1.png; sourceTree = "<group>"; };
		18760D2A1E1F4CF700007F02 /* 10.png */ = {isa = PBXFileReference; lastKnownFileType = image.png; path = 10.png; sourceTree = "<group>"; };
		18760D2B1E1F4CF700007F02 /* 11.png */ = {isa = PBXFileReference; lastKnownFileType = image.png; path = 11.png; sourceTree = "<group>"; };
		18760D2C1E1F4CF700007F02 /* 12.png */ = {isa = PBXFileReference; lastKnownFileType = image.png; path = 12.png; sourceTree = "<group>"; };
		18760D2D1E1F4CF700007F02 /* 13.png */ = {isa = PBXFileReference; lastKnownFileType = image.png; path = 13.png; sourceTree = "<group>"; };
		18760D2E1E1F4CF700007F02 /* 2.png */ = {isa = PBXFileReference; lastKnownFileType = image.png; path = 2.png; sourceTree = "<group>"; };
		18760D2F1E1F4CF700007F02 /* 3.png */ = {isa = PBXFileReference; lastKnownFileType = image.png; path = 3.png; sourceTree = "<group>"; };
		18760D301E1F4CF700007F02 /* 4.png */ = {isa = PBXFileReference; lastKnownFileType = image.png; path = 4.png; sourceTree = "<group>"; };
		18760D311E1F4CF700007F02 /* 5.png */ = {isa = PBXFileReference; lastKnownFileType = image.png; path = 5.png; sourceTree = "<group>"; };
		18760D321E1F4CF700007F02 /* 6.png */ = {isa = PBXFileReference; lastKnownFileType = image.png; path = 6.png; sourceTree = "<group>"; };
		18760D331E1F4CF700007F02 /* 7.png */ = {isa = PBXFileReference; lastKnownFileType = image.png; path = 7.png; sourceTree = "<group>"; };
		18760D341E1F4CF700007F02 /* 8.png */ = {isa = PBXFileReference; lastKnownFileType = image.png; path = 8.png; sourceTree = "<group>"; };
		18760D351E1F4CF700007F02 /* 9.png */ = {isa = PBXFileReference; lastKnownFileType = image.png; path = 9.png; sourceTree = "<group>"; };
		18760D461E1F4D1300007F02 /* DataPropertyList.plist */ = {isa = PBXFileReference; fileEncoding = 4; lastKnownFileType = text.plist.xml; path = DataPropertyList.plist; sourceTree = "<group>"; };
		18760D481E1F4D2800007F02 /* XLCard.h */ = {isa = PBXFileReference; fileEncoding = 4; lastKnownFileType = sourcecode.c.h; path = XLCard.h; sourceTree = "<group>"; };
		18760D491E1F4D2800007F02 /* XLCard.m */ = {isa = PBXFileReference; fileEncoding = 4; lastKnownFileType = sourcecode.c.objc; path = XLCard.m; sourceTree = "<group>"; };
		18AEF9561E32090E00D8FD57 /* XLCardSwitchFlowLayout.h */ = {isa = PBXFileReference; fileEncoding = 4; lastKnownFileType = sourcecode.c.h; path = XLCardSwitchFlowLayout.h; sourceTree = "<group>"; };
		18AEF9571E32090E00D8FD57 /* XLCardSwitchFlowLayout.m */ = {isa = PBXFileReference; fileEncoding = 4; lastKnownFileType = sourcecode.c.objc; path = XLCardSwitchFlowLayout.m; sourceTree = "<group>"; };
		18AEF9591E32497000D8FD57 /* XLCardSwitch.h */ = {isa = PBXFileReference; fileEncoding = 4; lastKnownFileType = sourcecode.c.h; path = XLCardSwitch.h; sourceTree = "<group>"; };
		18AEF95A1E32497000D8FD57 /* XLCardSwitch.m */ = {isa = PBXFileReference; fileEncoding = 4; lastKnownFileType = sourcecode.c.objc; path = XLCardSwitch.m; sourceTree = "<group>"; };
		18AEF95F1E324BC600D8FD57 /* XLCardModel.h */ = {isa = PBXFileReference; fileEncoding = 4; lastKnownFileType = sourcecode.c.h; path = XLCardModel.h; sourceTree = "<group>"; };
		18AEF9601E324BC600D8FD57 /* XLCardModel.m */ = {isa = PBXFileReference; fileEncoding = 4; lastKnownFileType = sourcecode.c.objc; path = XLCardModel.m; sourceTree = "<group>"; };
		18AEF9621E324BEA00D8FD57 /* DemoViewController.h */ = {isa = PBXFileReference; fileEncoding = 4; lastKnownFileType = sourcecode.c.h; path = DemoViewController.h; sourceTree = "<group>"; };
		18AEF9631E324BEA00D8FD57 /* DemoViewController.m */ = {isa = PBXFileReference; fileEncoding = 4; lastKnownFileType = sourcecode.c.objc; path = DemoViewController.m; sourceTree = "<group>"; };
/* End PBXFileReference section */

/* Begin PBXFrameworksBuildPhase section */
		18760D071E1F4C9800007F02 /* Frameworks */ = {
			isa = PBXFrameworksBuildPhase;
			buildActionMask = 2147483647;
			files = (
			);
			runOnlyForDeploymentPostprocessing = 0;
		};
/* End PBXFrameworksBuildPhase section */

/* Begin PBXGroup section */
		18760D011E1F4C9800007F02 = {
			isa = PBXGroup;
			children = (
				18760D271E1F4CE100007F02 /* XLCardSwitch */,
				18760D241E1F4CB200007F02 /* Class */,
				18760D251E1F4CB200007F02 /* Resource */,
				18760D0C1E1F4C9800007F02 /* XLCardSwitchDemo */,
				18760D0B1E1F4C9800007F02 /* Products */,
			);
			sourceTree = "<group>";
		};
		18760D0B1E1F4C9800007F02 /* Products */ = {
			isa = PBXGroup;
			children = (
				18760D0A1E1F4C9800007F02 /* XLCardSwitchDemo.app */,
			);
			name = Products;
			sourceTree = "<group>";
		};
		18760D0C1E1F4C9800007F02 /* XLCardSwitchDemo */ = {
			isa = PBXGroup;
			children = (
				18760D101E1F4C9800007F02 /* AppDelegate.h */,
				18760D111E1F4C9800007F02 /* AppDelegate.m */,
				18760D191E1F4C9800007F02 /* Assets.xcassets */,
				18760D1B1E1F4C9800007F02 /* LaunchScreen.storyboard */,
				18760D1E1E1F4C9800007F02 /* Info.plist */,
				18760D0D1E1F4C9800007F02 /* Supporting Files */,
			);
			path = XLCardSwitchDemo;
			sourceTree = "<group>";
		};
		18760D0D1E1F4C9800007F02 /* Supporting Files */ = {
			isa = PBXGroup;
			children = (
				18760D0E1E1F4C9800007F02 /* main.m */,
			);
			name = "Supporting Files";
			sourceTree = "<group>";
		};
		18760D241E1F4CB200007F02 /* Class */ = {
			isa = PBXGroup;
			children = (
				18AEF9621E324BEA00D8FD57 /* DemoViewController.h */,
				18AEF9631E324BEA00D8FD57 /* DemoViewController.m */,
			);
			path = Class;
			sourceTree = "<group>";
		};
		18760D251E1F4CB200007F02 /* Resource */ = {
			isa = PBXGroup;
			children = (
				18760D461E1F4D1300007F02 /* DataPropertyList.plist */,
				18760D281E1F4CF700007F02 /* Images */,
			);
			path = Resource;
			sourceTree = "<group>";
		};
		18760D271E1F4CE100007F02 /* XLCardSwitch */ = {
			isa = PBXGroup;
			children = (
				18AEF9591E32497000D8FD57 /* XLCardSwitch.h */,
				18AEF95A1E32497000D8FD57 /* XLCardSwitch.m */,
				18AEF9561E32090E00D8FD57 /* XLCardSwitchFlowLayout.h */,
				18AEF9571E32090E00D8FD57 /* XLCardSwitchFlowLayout.m */,
				18760D481E1F4D2800007F02 /* XLCard.h */,
				18760D491E1F4D2800007F02 /* XLCard.m */,
				18AEF95F1E324BC600D8FD57 /* XLCardModel.h */,
				18AEF9601E324BC600D8FD57 /* XLCardModel.m */,
			);
			path = XLCardSwitch;
			sourceTree = "<group>";
		};
		18760D281E1F4CF700007F02 /* Images */ = {
			isa = PBXGroup;
			children = (
				18760D291E1F4CF700007F02 /* 1.png */,
				18760D2A1E1F4CF700007F02 /* 10.png */,
				18760D2B1E1F4CF700007F02 /* 11.png */,
				18760D2C1E1F4CF700007F02 /* 12.png */,
				18760D2D1E1F4CF700007F02 /* 13.png */,
				18760D2E1E1F4CF700007F02 /* 2.png */,
				18760D2F1E1F4CF700007F02 /* 3.png */,
				18760D301E1F4CF700007F02 /* 4.png */,
				18760D311E1F4CF700007F02 /* 5.png */,
				18760D321E1F4CF700007F02 /* 6.png */,
				18760D331E1F4CF700007F02 /* 7.png */,
				18760D341E1F4CF700007F02 /* 8.png */,
				18760D351E1F4CF700007F02 /* 9.png */,
			);
			path = Images;
			sourceTree = "<group>";
		};
/* End PBXGroup section */

/* Begin PBXNativeTarget section */
		18760D091E1F4C9800007F02 /* XLCardSwitchDemo */ = {
			isa = PBXNativeTarget;
			buildConfigurationList = 18760D211E1F4C9800007F02 /* Build configuration list for PBXNativeTarget "XLCardSwitchDemo" */;
			buildPhases = (
				18760D061E1F4C9800007F02 /* Sources */,
				18760D071E1F4C9800007F02 /* Frameworks */,
				18760D081E1F4C9800007F02 /* Resources */,
			);
			buildRules = (
			);
			dependencies = (
			);
			name = XLCardSwitchDemo;
			productName = XLCardSwitchDemo;
			productReference = 18760D0A1E1F4C9800007F02 /* XLCardSwitchDemo.app */;
			productType = "com.apple.product-type.application";
		};
/* End PBXNativeTarget section */

/* Begin PBXProject section */
		18760D021E1F4C9800007F02 /* Project object */ = {
			isa = PBXProject;
			attributes = {
				LastUpgradeCheck = 0820;
				ORGANIZATIONNAME = Apple;
				TargetAttributes = {
					18760D091E1F4C9800007F02 = {
						CreatedOnToolsVersion = 8.2;
						ProvisioningStyle = Manual;
					};
				};
			};
			buildConfigurationList = 18760D051E1F4C9800007F02 /* Build configuration list for PBXProject "XLCardSwitchDemo" */;
			compatibilityVersion = "Xcode 3.2";
			developmentRegion = English;
			hasScannedForEncodings = 0;
			knownRegions = (
				en,
				Base,
			);
			mainGroup = 18760D011E1F4C9800007F02;
			productRefGroup = 18760D0B1E1F4C9800007F02 /* Products */;
			projectDirPath = "";
			projectRoot = "";
			targets = (
				18760D091E1F4C9800007F02 /* XLCardSwitchDemo */,
			);
		};
/* End PBXProject section */

/* Begin PBXResourcesBuildPhase section */
		18760D081E1F4C9800007F02 /* Resources */ = {
			isa = PBXResourcesBuildPhase;
			buildActionMask = 2147483647;
			files = (
				18760D411E1F4CF700007F02 /* 8.png in Resources */,
				18760D421E1F4CF700007F02 /* 9.png in Resources */,
				18760D3D1E1F4CF700007F02 /* 4.png in Resources */,
				18760D371E1F4CF700007F02 /* 10.png in Resources */,
				18760D381E1F4CF700007F02 /* 11.png in Resources */,
				18760D401E1F4CF700007F02 /* 7.png in Resources */,
				18760D391E1F4CF700007F02 /* 12.png in Resources */,
				18760D1D1E1F4C9800007F02 /* LaunchScreen.storyboard in Resources */,
				18760D361E1F4CF700007F02 /* 1.png in Resources */,
				18760D3F1E1F4CF700007F02 /* 6.png in Resources */,
				18760D3C1E1F4CF700007F02 /* 3.png in Resources */,
				18760D471E1F4D1300007F02 /* DataPropertyList.plist in Resources */,
				18760D3A1E1F4CF700007F02 /* 13.png in Resources */,
				18760D3B1E1F4CF700007F02 /* 2.png in Resources */,
				18760D3E1E1F4CF700007F02 /* 5.png in Resources */,
				18760D1A1E1F4C9800007F02 /* Assets.xcassets in Resources */,
			);
			runOnlyForDeploymentPostprocessing = 0;
		};
/* End PBXResourcesBuildPhase section */

/* Begin PBXSourcesBuildPhase section */
		18760D061E1F4C9800007F02 /* Sources */ = {
			isa = PBXSourcesBuildPhase;
			buildActionMask = 2147483647;
			files = (
				18760D4C1E1F4D2800007F02 /* XLCard.m in Sources */,
				18AEF9611E324BC600D8FD57 /* XLCardModel.m in Sources */,
				18AEF9581E32090E00D8FD57 /* XLCardSwitchFlowLayout.m in Sources */,
				18760D121E1F4C9800007F02 /* AppDelegate.m in Sources */,
				18760D0F1E1F4C9800007F02 /* main.m in Sources */,
				18AEF9641E324BEA00D8FD57 /* DemoViewController.m in Sources */,
				18AEF95B1E32497000D8FD57 /* XLCardSwitch.m in Sources */,
			);
			runOnlyForDeploymentPostprocessing = 0;
		};
/* End PBXSourcesBuildPhase section */

/* Begin PBXVariantGroup section */
		18760D1B1E1F4C9800007F02 /* LaunchScreen.storyboard */ = {
			isa = PBXVariantGroup;
			children = (
				18760D1C1E1F4C9800007F02 /* Base */,
			);
			name = LaunchScreen.storyboard;
			sourceTree = "<group>";
		};
/* End PBXVariantGroup section */

/* Begin XCBuildConfiguration section */
		18760D1F1E1F4C9800007F02 /* Debug */ = {
			isa = XCBuildConfiguration;
			buildSettings = {
				ALWAYS_SEARCH_USER_PATHS = NO;
				CLANG_ANALYZER_NONNULL = YES;
				CLANG_CXX_LANGUAGE_STANDARD = "gnu++0x";
				CLANG_CXX_LIBRARY = "libc++";
				CLANG_ENABLE_MODULES = YES;
				CLANG_ENABLE_OBJC_ARC = YES;
				CLANG_WARN_BOOL_CONVERSION = YES;
				CLANG_WARN_CONSTANT_CONVERSION = YES;
				CLANG_WARN_DIRECT_OBJC_ISA_USAGE = YES_ERROR;
				CLANG_WARN_DOCUMENTATION_COMMENTS = YES;
				CLANG_WARN_EMPTY_BODY = YES;
				CLANG_WARN_ENUM_CONVERSION = YES;
				CLANG_WARN_INFINITE_RECURSION = YES;
				CLANG_WARN_INT_CONVERSION = YES;
				CLANG_WARN_OBJC_ROOT_CLASS = YES_ERROR;
				CLANG_WARN_SUSPICIOUS_MOVE = YES;
				CLANG_WARN_UNREACHABLE_CODE = YES;
				CLANG_WARN__DUPLICATE_METHOD_MATCH = YES;
				"CODE_SIGN_IDENTITY[sdk=iphoneos*]" = "iPhone Developer";
				COPY_PHASE_STRIP = NO;
				DEBUG_INFORMATION_FORMAT = dwarf;
				ENABLE_STRICT_OBJC_MSGSEND = YES;
				ENABLE_TESTABILITY = YES;
				GCC_C_LANGUAGE_STANDARD = gnu99;
				GCC_DYNAMIC_NO_PIC = NO;
				GCC_NO_COMMON_BLOCKS = YES;
				GCC_OPTIMIZATION_LEVEL = 0;
				GCC_PREPROCESSOR_DEFINITIONS = (
					"DEBUG=1",
					"$(inherited)",
				);
				GCC_WARN_64_TO_32_BIT_CONVERSION = YES;
				GCC_WARN_ABOUT_RETURN_TYPE = YES_ERROR;
				GCC_WARN_UNDECLARED_SELECTOR = YES;
				GCC_WARN_UNINITIALIZED_AUTOS = YES_AGGRESSIVE;
				GCC_WARN_UNUSED_FUNCTION = YES;
				GCC_WARN_UNUSED_VARIABLE = YES;
				IPHONEOS_DEPLOYMENT_TARGET = 10.2;
				MTL_ENABLE_DEBUG_INFO = YES;
				ONLY_ACTIVE_ARCH = YES;
				SDKROOT = iphoneos;
			};
			name = Debug;
		};
		18760D201E1F4C9800007F02 /* Release */ = {
			isa = XCBuildConfiguration;
			buildSettings = {
				ALWAYS_SEARCH_USER_PATHS = NO;
				CLANG_ANALYZER_NONNULL = YES;
				CLANG_CXX_LANGUAGE_STANDARD = "gnu++0x";
				CLANG_CXX_LIBRARY = "libc++";
				CLANG_ENABLE_MODULES = YES;
				CLANG_ENABLE_OBJC_ARC = YES;
				CLANG_WARN_BOOL_CONVERSION = YES;
				CLANG_WARN_CONSTANT_CONVERSION = YES;
				CLANG_WARN_DIRECT_OBJC_ISA_USAGE = YES_ERROR;
				CLANG_WARN_DOCUMENTATION_COMMENTS = YES;
				CLANG_WARN_EMPTY_BODY = YES;
				CLANG_WARN_ENUM_CONVERSION = YES;
				CLANG_WARN_INFINITE_RECURSION = YES;
				CLANG_WARN_INT_CONVERSION = YES;
				CLANG_WARN_OBJC_ROOT_CLASS = YES_ERROR;
				CLANG_WARN_SUSPICIOUS_MOVE = YES;
				CLANG_WARN_UNREACHABLE_CODE = YES;
				CLANG_WARN__DUPLICATE_METHOD_MATCH = YES;
				"CODE_SIGN_IDENTITY[sdk=iphoneos*]" = "iPhone Developer";
				COPY_PHASE_STRIP = NO;
				DEBUG_INFORMATION_FORMAT = "dwarf-with-dsym";
				ENABLE_NS_ASSERTIONS = NO;
				ENABLE_STRICT_OBJC_MSGSEND = YES;
				GCC_C_LANGUAGE_STANDARD = gnu99;
				GCC_NO_COMMON_BLOCKS = YES;
				GCC_WARN_64_TO_32_BIT_CONVERSION = YES;
				GCC_WARN_ABOUT_RETURN_TYPE = YES_ERROR;
				GCC_WARN_UNDECLARED_SELECTOR = YES;
				GCC_WARN_UNINITIALIZED_AUTOS = YES_AGGRESSIVE;
				GCC_WARN_UNUSED_FUNCTION = YES;
				GCC_WARN_UNUSED_VARIABLE = YES;
				IPHONEOS_DEPLOYMENT_TARGET = 10.2;
				MTL_ENABLE_DEBUG_INFO = NO;
				SDKROOT = iphoneos;
				VALIDATE_PRODUCT = YES;
			};
			name = Release;
		};
		18760D221E1F4C9800007F02 /* Debug */ = {
			isa = XCBuildConfiguration;
			buildSettings = {
				ASSETCATALOG_COMPILER_APPICON_NAME = AppIcon;
				DEVELOPMENT_TEAM = "";
				INFOPLIST_FILE = XLCardSwitchDemo/Info.plist;
				IPHONEOS_DEPLOYMENT_TARGET = 8.0;
				LD_RUNPATH_SEARCH_PATHS = "$(inherited) @executable_path/Frameworks";
				PRODUCT_BUNDLE_IDENTIFIER = mxl.XLCardSwitchDemo;
				PRODUCT_NAME = "$(TARGET_NAME)";
			};
			name = Debug;
		};
		18760D231E1F4C9800007F02 /* Release */ = {
			isa = XCBuildConfiguration;
			buildSettings = {
				ASSETCATALOG_COMPILER_APPICON_NAME = AppIcon;
				DEVELOPMENT_TEAM = "";
				INFOPLIST_FILE = XLCardSwitchDemo/Info.plist;
				IPHONEOS_DEPLOYMENT_TARGET = 8.0;
				LD_RUNPATH_SEARCH_PATHS = "$(inherited) @executable_path/Frameworks";
				PRODUCT_BUNDLE_IDENTIFIER = mxl.XLCardSwitchDemo;
				PRODUCT_NAME = "$(TARGET_NAME)";
			};
			name = Release;
		};
/* End XCBuildConfiguration section */

/* Begin XCConfigurationList section */
		18760D051E1F4C9800007F02 /* Build configuration list for PBXProject "XLCardSwitchDemo" */ = {
			isa = XCConfigurationList;
			buildConfigurations = (
				18760D1F1E1F4C9800007F02 /* Debug */,
				18760D201E1F4C9800007F02 /* Release */,
			);
			defaultConfigurationIsVisible = 0;
			defaultConfigurationName = Release;
		};
		18760D211E1F4C9800007F02 /* Build configuration list for PBXNativeTarget "XLCardSwitchDemo" */ = {
			isa = XCConfigurationList;
			buildConfigurations = (
				18760D221E1F4C9800007F02 /* Debug */,
				18760D231E1F4C9800007F02 /* Release */,
			);
			defaultConfigurationIsVisible = 0;
			defaultConfigurationName = Release;
		};
/* End XCConfigurationList section */
	};
	rootObject = 18760D021E1F4C9800007F02 /* Project object */;
}
